
Microsoft Visual Studio Solution File, Format Version 12.00
# Visual Studio Version 17
VisualStudioVersion = 17.10.35027.167
MinimumVisualStudioVersion = 10.0.40219.1
Project("{FAE04EC0-301F-11D3-BF4B-00C04F79EFBC}") = "OldPhonePadCodingChallenge", "OldPhonePadCodingChallenge\OldPhonePadCodingChallenge.csproj", "{093FB5AD-990E-49F2-B332-10B45F45C1A4}"
EndProject
Global
	GlobalSection(SolutionConfigurationPlatforms) = preSolution
		Debug|Any CPU = Debug|Any CPU
		Release|Any CPU = Release|Any CPU
	EndGlobalSection
	GlobalSection(ProjectConfigurationPlatforms) = postSolution
		{093FB5AD-990E-49F2-B332-10B45F45C1A4}.Debug|Any CPU.ActiveCfg = Debug|Any CPU
		{093FB5AD-990E-49F2-B332-10B45F45C1A4}.Debug|Any CPU.Build.0 = Debug|Any CPU
		{093FB5AD-990E-49F2-B332-10B45F45C1A4}.Release|Any CPU.ActiveCfg = Release|Any CPU
		{093FB5AD-990E-49F2-B332-10B45F45C1A4}.Release|Any CPU.Build.0 = Release|Any CPU
	EndGlobalSection
	GlobalSection(SolutionProperties) = preSolution
		HideSolutionNode = FALSE
	EndGlobalSection
	GlobalSection(ExtensibilityGlobals) = postSolution
		SolutionGuid = {75C1806D-DBB1-4E79-ABE0-67F0270AE279}
	EndGlobalSection
EndGlobal
